
Microsoft Visual Studio Solution File, Format Version 12.00
# Visual Studio Version 17
VisualStudioVersion = 17.14.36414.22 d17.14
MinimumVisualStudioVersion = 10.0.40219.1
Project("{FAE04EC0-301F-11D3-BF4B-00C04F79EFBC}") = "EC.ClientApp", "EC.ClientApp.csproj", "{7A7672F0-EE69-4479-9A60-5FC6CA6A15BB}"
EndProject
Global
	GlobalSection(SolutionConfigurationPlatforms) = preSolution
		Debug|Any CPU = Debug|Any CPU
		Release|Any CPU = Release|Any CPU
	EndGlobalSection
	GlobalSection(ProjectConfigurationPlatforms) = postSolution
		{7A7672F0-EE69-4479-9A60-5FC6CA6A15BB}.Debug|Any CPU.ActiveCfg = Debug|Any CPU
		{7A7672F0-EE69-4479-9A60-5FC6CA6A15BB}.Debug|Any CPU.Build.0 = Debug|Any CPU
		{7A7672F0-EE69-4479-9A60-5FC6CA6A15BB}.Release|Any CPU.ActiveCfg = Release|Any CPU
		{7A7672F0-EE69-4479-9A60-5FC6CA6A15BB}.Release|Any CPU.Build.0 = Release|Any CPU
	EndGlobalSection
	GlobalSection(SolutionProperties) = preSolution
		HideSolutionNode = FALSE
	EndGlobalSection
	GlobalSection(ExtensibilityGlobals) = postSolution
		SolutionGuid = {CAD139EC-A45C-4DDB-B38B-5F0F2A5CBB8D}
	EndGlobalSection
EndGlobal
